
Microsoft Visual Studio Solution File, Format Version 12.00
# Visual Studio Version 16
VisualStudioVersion = 16.0.810.21
MinimumVisualStudioVersion = 10.0.40219.1
Project("{FAE04EC0-301F-11D3-BF4B-00C04F79EFBC}") = "tester", "tester.csproj", "{A65B4AAB-DA80-4B3C-8FC7-E8BB035F8D8B}"
EndProject
Global
	GlobalSection(SolutionConfigurationPlatforms) = preSolution
		Debug|Any CPU = Debug|Any CPU
		Release|Any CPU = Release|Any CPU
	EndGlobalSection
	GlobalSection(ProjectConfigurationPlatforms) = postSolution
		{A65B4AAB-DA80-4B3C-8FC7-E8BB035F8D8B}.Debug|Any CPU.ActiveCfg = Debug|Any CPU
		{A65B4AAB-DA80-4B3C-8FC7-E8BB035F8D8B}.Debug|Any CPU.Build.0 = Debug|Any CPU
		{A65B4AAB-DA80-4B3C-8FC7-E8BB035F8D8B}.Release|Any CPU.ActiveCfg = Release|Any CPU
		{A65B4AAB-DA80-4B3C-8FC7-E8BB035F8D8B}.Release|Any CPU.Build.0 = Release|Any CPU
	EndGlobalSection
	GlobalSection(SolutionProperties) = preSolution
		HideSolutionNode = FALSE
	EndGlobalSection
	GlobalSection(ExtensibilityGlobals) = postSolution
		SolutionGuid = {353B60E6-FD64-43BE-9B15-10A2F62C0C20}
	EndGlobalSection
EndGlobal
